
Microsoft Visual Studio Solution File, Format Version 12.00
# Visual Studio Version 17
VisualStudioVersion = 17.6.33829.357
MinimumVisualStudioVersion = 10.0.40219.1
Project("{8BC9CEB8-8B4A-11D0-8D11-00A0C91BC942}") = "bai18_tinhsothoc", "bai18_tinhsothoc\bai18_tinhsothoc.vcxproj", "{1C022771-A7A2-44D4-A5CC-D9D1838501EB}"
EndProject
Global
	GlobalSection(SolutionConfigurationPlatforms) = preSolution
		Debug|x64 = Debug|x64
		Debug|x86 = Debug|x86
		Release|x64 = Release|x64
		Release|x86 = Release|x86
	EndGlobalSection
	GlobalSection(ProjectConfigurationPlatforms) = postSolution
		{1C022771-A7A2-44D4-A5CC-D9D1838501EB}.Debug|x64.ActiveCfg = Debug|x64
		{1C022771-A7A2-44D4-A5CC-D9D1838501EB}.Debug|x64.Build.0 = Debug|x64
		{1C022771-A7A2-44D4-A5CC-D9D1838501EB}.Debug|x86.ActiveCfg = Debug|Win32
		{1C022771-A7A2-44D4-A5CC-D9D1838501EB}.Debug|x86.Build.0 = Debug|Win32
		{1C022771-A7A2-44D4-A5CC-D9D1838501EB}.Release|x64.ActiveCfg = Release|x64
		{1C022771-A7A2-44D4-A5CC-D9D1838501EB}.Release|x64.Build.0 = Release|x64
		{1C022771-A7A2-44D4-A5CC-D9D1838501EB}.Release|x86.ActiveCfg = Release|Win32
		{1C022771-A7A2-44D4-A5CC-D9D1838501EB}.Release|x86.Build.0 = Release|Win32
	EndGlobalSection
	GlobalSection(SolutionProperties) = preSolution
		HideSolutionNode = FALSE
	EndGlobalSection
	GlobalSection(ExtensibilityGlobals) = postSolution
		SolutionGuid = {6BB15AC9-2D00-4235-9C6E-04529F6DA3F4}
	EndGlobalSection
EndGlobal
